// !$*UTF8*$!
{
	archiveVersion = 1;
	classes = {
	};
	objectVersion = 50;
	objects = {

/* Begin PBXBuildFile section */
		3D00911025D90F3B003A0B5E /* FooterView.xib in Resources */ = {isa = PBXBuildFile; fileRef = 3D00910F25D90F3B003A0B5E /* FooterView.xib */; };
		3D00911125D90F3B003A0B5E /* FooterView.xib in Resources */ = {isa = PBXBuildFile; fileRef = 3D00910F25D90F3B003A0B5E /* FooterView.xib */; };
		3D00911225D90F3B003A0B5E /* FooterView.xib in Resources */ = {isa = PBXBuildFile; fileRef = 3D00910F25D90F3B003A0B5E /* FooterView.xib */; };
		3D00913B25D91D9B003A0B5E /* PostCell.xib in Resources */ = {isa = PBXBuildFile; fileRef = 3D00913A25D91D9B003A0B5E /* PostCell.xib */; };
		3D00913C25D91D9B003A0B5E /* PostCell.xib in Resources */ = {isa = PBXBuildFile; fileRef = 3D00913A25D91D9B003A0B5E /* PostCell.xib */; };
		3D00913D25D91D9B003A0B5E /* PostCell.xib in Resources */ = {isa = PBXBuildFile; fileRef = 3D00913A25D91D9B003A0B5E /* PostCell.xib */; };
		3D00F3D125DC1DD20041FE22 /* StorageModel.swift in Sources */ = {isa = PBXBuildFile; fileRef = 3D00F3D025DC1DD20041FE22 /* StorageModel.swift */; };
		3D00F3D225DC1DD20041FE22 /* StorageModel.swift in Sources */ = {isa = PBXBuildFile; fileRef = 3D00F3D025DC1DD20041FE22 /* StorageModel.swift */; };
		3D00F3D325DC1DD20041FE22 /* StorageModel.swift in Sources */ = {isa = PBXBuildFile; fileRef = 3D00F3D025DC1DD20041FE22 /* StorageModel.swift */; };
		3D12665325DE9A97000542DC /* ConstraintWidthHeight.swift in Sources */ = {isa = PBXBuildFile; fileRef = 3D12665225DE9A97000542DC /* ConstraintWidthHeight.swift */; };
		3D12665425DE9A97000542DC /* ConstraintWidthHeight.swift in Sources */ = {isa = PBXBuildFile; fileRef = 3D12665225DE9A97000542DC /* ConstraintWidthHeight.swift */; };
		3D12665525DE9A97000542DC /* ConstraintWidthHeight.swift in Sources */ = {isa = PBXBuildFile; fileRef = 3D12665225DE9A97000542DC /* ConstraintWidthHeight.swift */; };
		3D12F90325C9C4870067701C /* AppDelegate.swift in Sources */ = {isa = PBXBuildFile; fileRef = 3D12F90225C9C4870067701C /* AppDelegate.swift */; };
		3D12F90525C9C4870067701C /* SceneDelegate.swift in Sources */ = {isa = PBXBuildFile; fileRef = 3D12F90425C9C4870067701C /* SceneDelegate.swift */; };
		3D12F90C25C9C4890067701C /* Assets.xcassets in Resources */ = {isa = PBXBuildFile; fileRef = 3D12F90B25C9C4890067701C /* Assets.xcassets */; };
		3D12F90F25C9C4890067701C /* LaunchScreen.storyboard in Resources */ = {isa = PBXBuildFile; fileRef = 3D12F90D25C9C4890067701C /* LaunchScreen.storyboard */; };
		3D12F91A25C9C4890067701C /* PikabuTests.swift in Sources */ = {isa = PBXBuildFile; fileRef = 3D12F91925C9C4890067701C /* PikabuTests.swift */; };
		3D12F92525C9C4890067701C /* PikabuUITests.swift in Sources */ = {isa = PBXBuildFile; fileRef = 3D12F92425C9C4890067701C /* PikabuUITests.swift */; };
		3D12F97A25CA0EE50067701C /* PostCell.swift in Sources */ = {isa = PBXBuildFile; fileRef = 3D12F97925CA0EE50067701C /* PostCell.swift */; };
		3D12F97B25CA0EE50067701C /* PostCell.swift in Sources */ = {isa = PBXBuildFile; fileRef = 3D12F97925CA0EE50067701C /* PostCell.swift */; };
		3D12F97C25CA0EE50067701C /* PostCell.swift in Sources */ = {isa = PBXBuildFile; fileRef = 3D12F97925CA0EE50067701C /* PostCell.swift */; };
		3D12F98725CA12470067701C /* FeedPost.swift in Sources */ = {isa = PBXBuildFile; fileRef = 3D12F98625CA12470067701C /* FeedPost.swift */; };
		3D12F98825CA12470067701C /* FeedPost.swift in Sources */ = {isa = PBXBuildFile; fileRef = 3D12F98625CA12470067701C /* FeedPost.swift */; };
		3D12F98925CA12470067701C /* FeedPost.swift in Sources */ = {isa = PBXBuildFile; fileRef = 3D12F98625CA12470067701C /* FeedPost.swift */; };
		3D12F9B125CA36D20067701C /* WindowRootVC.swift in Sources */ = {isa = PBXBuildFile; fileRef = 3D12F9B025CA36D20067701C /* WindowRootVC.swift */; };
		3D12F9B225CA36D20067701C /* WindowRootVC.swift in Sources */ = {isa = PBXBuildFile; fileRef = 3D12F9B025CA36D20067701C /* WindowRootVC.swift */; };
		3D12F9B325CA36D20067701C /* WindowRootVC.swift in Sources */ = {isa = PBXBuildFile; fileRef = 3D12F9B025CA36D20067701C /* WindowRootVC.swift */; };
		3D12FA2A25CCB8060067701C /* API.swift in Sources */ = {isa = PBXBuildFile; fileRef = 3D12FA2925CCB8060067701C /* API.swift */; };
		3D12FA3125CCB8090067701C /* API.swift in Sources */ = {isa = PBXBuildFile; fileRef = 3D12FA2925CCB8060067701C /* API.swift */; };
		3D12FA3525CCB8090067701C /* API.swift in Sources */ = {isa = PBXBuildFile; fileRef = 3D12FA2925CCB8060067701C /* API.swift */; };
		3D12FA3B25CCBBEF0067701C /* URLS.swift in Sources */ = {isa = PBXBuildFile; fileRef = 3D12FA3A25CCBBEF0067701C /* URLS.swift */; };
		3D12FA3C25CCBBEF0067701C /* URLS.swift in Sources */ = {isa = PBXBuildFile; fileRef = 3D12FA3A25CCBBEF0067701C /* URLS.swift */; };
		3D12FA3D25CCBBEF0067701C /* URLS.swift in Sources */ = {isa = PBXBuildFile; fileRef = 3D12FA3A25CCBBEF0067701C /* URLS.swift */; };
		3D12FA5925CCDF320067701C /* GETPOST.swift in Sources */ = {isa = PBXBuildFile; fileRef = 3D12FA5825CCDF320067701C /* GETPOST.swift */; };
		3D12FA5A25CCDF320067701C /* GETPOST.swift in Sources */ = {isa = PBXBuildFile; fileRef = 3D12FA5825CCDF320067701C /* GETPOST.swift */; };
		3D12FA5B25CCDF320067701C /* GETPOST.swift in Sources */ = {isa = PBXBuildFile; fileRef = 3D12FA5825CCDF320067701C /* GETPOST.swift */; };
		3D12FA6425CCF3C00067701C /* Dispatcher.swift in Sources */ = {isa = PBXBuildFile; fileRef = 3D12FA6325CCF3C00067701C /* Dispatcher.swift */; };
		3D12FA6525CCF3C00067701C /* Dispatcher.swift in Sources */ = {isa = PBXBuildFile; fileRef = 3D12FA6325CCF3C00067701C /* Dispatcher.swift */; };
		3D12FA6625CCF3C00067701C /* Dispatcher.swift in Sources */ = {isa = PBXBuildFile; fileRef = 3D12FA6325CCF3C00067701C /* Dispatcher.swift */; };
		3D12FA8D25CD0A1A0067701C /* TypeAliases.swift in Sources */ = {isa = PBXBuildFile; fileRef = 3D12FA8C25CD0A1A0067701C /* TypeAliases.swift */; };
		3D12FA8E25CD0A1A0067701C /* TypeAliases.swift in Sources */ = {isa = PBXBuildFile; fileRef = 3D12FA8C25CD0A1A0067701C /* TypeAliases.swift */; };
		3D12FA8F25CD0A1A0067701C /* TypeAliases.swift in Sources */ = {isa = PBXBuildFile; fileRef = 3D12FA8C25CD0A1A0067701C /* TypeAliases.swift */; };
		3D12FABD25CD93180067701C /* APIStorage.swift in Sources */ = {isa = PBXBuildFile; fileRef = 3D12FABC25CD93180067701C /* APIStorage.swift */; };
		3D12FABE25CD93180067701C /* APIStorage.swift in Sources */ = {isa = PBXBuildFile; fileRef = 3D12FABC25CD93180067701C /* APIStorage.swift */; };
		3D12FABF25CD93180067701C /* APIStorage.swift in Sources */ = {isa = PBXBuildFile; fileRef = 3D12FABC25CD93180067701C /* APIStorage.swift */; };
		3D12FB4B25CE19660067701C /* CacheHandler.swift in Sources */ = {isa = PBXBuildFile; fileRef = 3D12FB4A25CE19660067701C /* CacheHandler.swift */; };
		3D12FB4C25CE19660067701C /* CacheHandler.swift in Sources */ = {isa = PBXBuildFile; fileRef = 3D12FB4A25CE19660067701C /* CacheHandler.swift */; };
		3D12FB4D25CE19660067701C /* CacheHandler.swift in Sources */ = {isa = PBXBuildFile; fileRef = 3D12FB4A25CE19660067701C /* CacheHandler.swift */; };
		3D12FB5525CE197B0067701C /* CacheProvider.swift in Sources */ = {isa = PBXBuildFile; fileRef = 3D12FB5425CE197B0067701C /* CacheProvider.swift */; };
		3D12FB5625CE197B0067701C /* CacheProvider.swift in Sources */ = {isa = PBXBuildFile; fileRef = 3D12FB5425CE197B0067701C /* CacheProvider.swift */; };
		3D12FB5725CE197B0067701C /* CacheProvider.swift in Sources */ = {isa = PBXBuildFile; fileRef = 3D12FB5425CE197B0067701C /* CacheProvider.swift */; };
		3D12FDA625CE747E0067701C /* Handler.swift in Sources */ = {isa = PBXBuildFile; fileRef = 3D12FDA525CE747E0067701C /* Handler.swift */; };
		3D12FDA725CE747E0067701C /* Handler.swift in Sources */ = {isa = PBXBuildFile; fileRef = 3D12FDA525CE747E0067701C /* Handler.swift */; };
		3D12FDA825CE747E0067701C /* Handler.swift in Sources */ = {isa = PBXBuildFile; fileRef = 3D12FDA525CE747E0067701C /* Handler.swift */; };
		3D1CD7C825D8BA31008B7FE7 /* FeedModel.swift in Sources */ = {isa = PBXBuildFile; fileRef = 3D1CD7C725D8BA31008B7FE7 /* FeedModel.swift */; };
		3D1CD7C925D8BA31008B7FE7 /* FeedModel.swift in Sources */ = {isa = PBXBuildFile; fileRef = 3D1CD7C725D8BA31008B7FE7 /* FeedModel.swift */; };
		3D1CD7CA25D8BA31008B7FE7 /* FeedModel.swift in Sources */ = {isa = PBXBuildFile; fileRef = 3D1CD7C725D8BA31008B7FE7 /* FeedModel.swift */; };
		3D2E015725D28BB700B0CF50 /* HeaderView.swift in Sources */ = {isa = PBXBuildFile; fileRef = 3D2E015625D28BB700B0CF50 /* HeaderView.swift */; };
		3D2E015825D28BB700B0CF50 /* HeaderView.swift in Sources */ = {isa = PBXBuildFile; fileRef = 3D2E015625D28BB700B0CF50 /* HeaderView.swift */; };
		3D2E015925D28BB700B0CF50 /* HeaderView.swift in Sources */ = {isa = PBXBuildFile; fileRef = 3D2E015625D28BB700B0CF50 /* HeaderView.swift */; };
		3D2E017225D2901E00B0CF50 /* FooterView.swift in Sources */ = {isa = PBXBuildFile; fileRef = 3D2E017125D2901E00B0CF50 /* FooterView.swift */; };
		3D2E017325D2901E00B0CF50 /* FooterView.swift in Sources */ = {isa = PBXBuildFile; fileRef = 3D2E017125D2901E00B0CF50 /* FooterView.swift */; };
		3D2E017425D2901E00B0CF50 /* FooterView.swift in Sources */ = {isa = PBXBuildFile; fileRef = 3D2E017125D2901E00B0CF50 /* FooterView.swift */; };
		3D2E018625D2941000B0CF50 /* HeaderView.xib in Resources */ = {isa = PBXBuildFile; fileRef = 3D2E018525D2941000B0CF50 /* HeaderView.xib */; };
		3D2E018725D2941000B0CF50 /* HeaderView.xib in Resources */ = {isa = PBXBuildFile; fileRef = 3D2E018525D2941000B0CF50 /* HeaderView.xib */; };
		3D2E018825D2941000B0CF50 /* HeaderView.xib in Resources */ = {isa = PBXBuildFile; fileRef = 3D2E018525D2941000B0CF50 /* HeaderView.xib */; };
		3D324C2025DC800E00538FF4 /* navigationBarConfig.swift in Sources */ = {isa = PBXBuildFile; fileRef = 3DF734C425DC7DE900B8BF5F /* navigationBarConfig.swift */; };
		3D324C2425DC800E00538FF4 /* navigationBarConfig.swift in Sources */ = {isa = PBXBuildFile; fileRef = 3DF734C425DC7DE900B8BF5F /* navigationBarConfig.swift */; };
		3D324C2825DC800F00538FF4 /* navigationBarConfig.swift in Sources */ = {isa = PBXBuildFile; fileRef = 3DF734C425DC7DE900B8BF5F /* navigationBarConfig.swift */; };
		3D3CA7D525DD7F6200774FE6 /* separatorConfig.swift in Sources */ = {isa = PBXBuildFile; fileRef = 3D3CA7D425DD7F6200774FE6 /* separatorConfig.swift */; };
		3D3CA7D625DD7F6200774FE6 /* separatorConfig.swift in Sources */ = {isa = PBXBuildFile; fileRef = 3D3CA7D425DD7F6200774FE6 /* separatorConfig.swift */; };
		3D3CA7D725DD7F6200774FE6 /* separatorConfig.swift in Sources */ = {isa = PBXBuildFile; fileRef = 3D3CA7D425DD7F6200774FE6 /* separatorConfig.swift */; };
		3D4F90E225D6DEFE007EA442 /* FooterViewModel.swift in Sources */ = {isa = PBXBuildFile; fileRef = 3D4F90E125D6DEFE007EA442 /* FooterViewModel.swift */; };
		3D4F90E325D6DEFE007EA442 /* FooterViewModel.swift in Sources */ = {isa = PBXBuildFile; fileRef = 3D4F90E125D6DEFE007EA442 /* FooterViewModel.swift */; };
		3D4F90E425D6DEFE007EA442 /* FooterViewModel.swift in Sources */ = {isa = PBXBuildFile; fileRef = 3D4F90E125D6DEFE007EA442 /* FooterViewModel.swift */; };
		3D4F90EC25D6E22C007EA442 /* HeaderViewModel.swift in Sources */ = {isa = PBXBuildFile; fileRef = 3D4F90EB25D6E22C007EA442 /* HeaderViewModel.swift */; };
		3D4F90ED25D6E22C007EA442 /* HeaderViewModel.swift in Sources */ = {isa = PBXBuildFile; fileRef = 3D4F90EB25D6E22C007EA442 /* HeaderViewModel.swift */; };
		3D4F90EE25D6E22C007EA442 /* HeaderViewModel.swift in Sources */ = {isa = PBXBuildFile; fileRef = 3D4F90EB25D6E22C007EA442 /* HeaderViewModel.swift */; };
		3D6050AD25D53FFA005FC80D /* BrokenLabel.swift in Sources */ = {isa = PBXBuildFile; fileRef = 3D6050AC25D53FFA005FC80D /* BrokenLabel.swift */; };
		3D6050AE25D53FFA005FC80D /* BrokenLabel.swift in Sources */ = {isa = PBXBuildFile; fileRef = 3D6050AC25D53FFA005FC80D /* BrokenLabel.swift */; };
		3D6050AF25D53FFA005FC80D /* BrokenLabel.swift in Sources */ = {isa = PBXBuildFile; fileRef = 3D6050AC25D53FFA005FC80D /* BrokenLabel.swift */; };
		3D70357025DE8B090041E078 /* PostImageView.swift in Sources */ = {isa = PBXBuildFile; fileRef = 3D70356F25DE8B090041E078 /* PostImageView.swift */; };
		3D70357125DE8B090041E078 /* PostImageView.swift in Sources */ = {isa = PBXBuildFile; fileRef = 3D70356F25DE8B090041E078 /* PostImageView.swift */; };
		3D70357225DE8B090041E078 /* PostImageView.swift in Sources */ = {isa = PBXBuildFile; fileRef = 3D70356F25DE8B090041E078 /* PostImageView.swift */; };
		3D88CA8925DFA8340031B582 /* ScreenCell.swift in Sources */ = {isa = PBXBuildFile; fileRef = 3D88CA8725DFA8340031B582 /* ScreenCell.swift */; };
		3D88CA8A25DFA8340031B582 /* ScreenCell.swift in Sources */ = {isa = PBXBuildFile; fileRef = 3D88CA8725DFA8340031B582 /* ScreenCell.swift */; };
		3D88CA8B25DFA8340031B582 /* ScreenCell.swift in Sources */ = {isa = PBXBuildFile; fileRef = 3D88CA8725DFA8340031B582 /* ScreenCell.swift */; };
		3D88CAAF25DFC5F00031B582 /* ProfileCollectionView.swift in Sources */ = {isa = PBXBuildFile; fileRef = 3D88CAAE25DFC5F00031B582 /* ProfileCollectionView.swift */; };
		3D88CAB025DFC5F00031B582 /* ProfileCollectionView.swift in Sources */ = {isa = PBXBuildFile; fileRef = 3D88CAAE25DFC5F00031B582 /* ProfileCollectionView.swift */; };
		3D88CAB125DFC5F00031B582 /* ProfileCollectionView.swift in Sources */ = {isa = PBXBuildFile; fileRef = 3D88CAAE25DFC5F00031B582 /* ProfileCollectionView.swift */; };
		3D89A43025D6D2530022CBE3 /* FeedPostCellModel.swift in Sources */ = {isa = PBXBuildFile; fileRef = 3D89A42F25D6D2530022CBE3 /* FeedPostCellModel.swift */; };
		3D89A43125D6D2530022CBE3 /* FeedPostCellModel.swift in Sources */ = {isa = PBXBuildFile; fileRef = 3D89A42F25D6D2530022CBE3 /* FeedPostCellModel.swift */; };
		3D89A43225D6D2530022CBE3 /* FeedPostCellModel.swift in Sources */ = {isa = PBXBuildFile; fileRef = 3D89A42F25D6D2530022CBE3 /* FeedPostCellModel.swift */; };
		3D9BA6BB25D3C4D1005E7DE9 /* UIViewMargins.swift in Sources */ = {isa = PBXBuildFile; fileRef = 3D9BA6BA25D3C4D1005E7DE9 /* UIViewMargins.swift */; };
		3D9BA6BC25D3C4D1005E7DE9 /* UIViewMargins.swift in Sources */ = {isa = PBXBuildFile; fileRef = 3D9BA6BA25D3C4D1005E7DE9 /* UIViewMargins.swift */; };
		3D9BA6BD25D3C4D1005E7DE9 /* UIViewMargins.swift in Sources */ = {isa = PBXBuildFile; fileRef = 3D9BA6BA25D3C4D1005E7DE9 /* UIViewMargins.swift */; };
		3D9DEB9825E9372E004E5E30 /* SemiternaryOperator.swift in Sources */ = {isa = PBXBuildFile; fileRef = 3D9DEB9725E9372E004E5E30 /* SemiternaryOperator.swift */; };
		3D9DEB9925E9372E004E5E30 /* SemiternaryOperator.swift in Sources */ = {isa = PBXBuildFile; fileRef = 3D9DEB9725E9372E004E5E30 /* SemiternaryOperator.swift */; };
		3D9DEB9A25E9372E004E5E30 /* SemiternaryOperator.swift in Sources */ = {isa = PBXBuildFile; fileRef = 3D9DEB9725E9372E004E5E30 /* SemiternaryOperator.swift */; };
		3DA6158125DA9161009F2214 /* PostStackView.swift in Sources */ = {isa = PBXBuildFile; fileRef = 3DA6158025DA9161009F2214 /* PostStackView.swift */; };
		3DA6158225DA9161009F2214 /* PostStackView.swift in Sources */ = {isa = PBXBuildFile; fileRef = 3DA6158025DA9161009F2214 /* PostStackView.swift */; };
		3DA6158325DA9161009F2214 /* PostStackView.swift in Sources */ = {isa = PBXBuildFile; fileRef = 3DA6158025DA9161009F2214 /* PostStackView.swift */; };
		3DAC1BB225E0FB9F005C26C1 /* TBCell.swift in Sources */ = {isa = PBXBuildFile; fileRef = 3DAC1BB125E0FB9F005C26C1 /* TBCell.swift */; };
		3DAC1BB325E0FB9F005C26C1 /* TBCell.swift in Sources */ = {isa = PBXBuildFile; fileRef = 3DAC1BB125E0FB9F005C26C1 /* TBCell.swift */; };
		3DAC1BB425E0FB9F005C26C1 /* TBCell.swift in Sources */ = {isa = PBXBuildFile; fileRef = 3DAC1BB125E0FB9F005C26C1 /* TBCell.swift */; };
		3DAC507625E5C0DD00926936 /* ProfileViewController.swift in Sources */ = {isa = PBXBuildFile; fileRef = 3DAC507425E5C0DD00926936 /* ProfileViewController.swift */; };
		3DAC507725E5C0DD00926936 /* ProfileViewController.swift in Sources */ = {isa = PBXBuildFile; fileRef = 3DAC507425E5C0DD00926936 /* ProfileViewController.swift */; };
		3DAC507825E5C0DD00926936 /* ProfileViewController.swift in Sources */ = {isa = PBXBuildFile; fileRef = 3DAC507425E5C0DD00926936 /* ProfileViewController.swift */; };
		3DAC507925E5C0DD00926936 /* ProfileViewController.xib in Resources */ = {isa = PBXBuildFile; fileRef = 3DAC507525E5C0DD00926936 /* ProfileViewController.xib */; };
		3DAC507A25E5C0DD00926936 /* ProfileViewController.xib in Resources */ = {isa = PBXBuildFile; fileRef = 3DAC507525E5C0DD00926936 /* ProfileViewController.xib */; };
		3DAC507B25E5C0DD00926936 /* ProfileViewController.xib in Resources */ = {isa = PBXBuildFile; fileRef = 3DAC507525E5C0DD00926936 /* ProfileViewController.xib */; };
		3DC241E525E1484B00395FCF /* UIView_Id_Nib.swift in Sources */ = {isa = PBXBuildFile; fileRef = 3DC241E425E1484B00395FCF /* UIView_Id_Nib.swift */; };
		3DC241E625E1484B00395FCF /* UIView_Id_Nib.swift in Sources */ = {isa = PBXBuildFile; fileRef = 3DC241E425E1484B00395FCF /* UIView_Id_Nib.swift */; };
		3DC241E725E1484B00395FCF /* UIView_Id_Nib.swift in Sources */ = {isa = PBXBuildFile; fileRef = 3DC241E425E1484B00395FCF /* UIView_Id_Nib.swift */; };
		3DC2420B25E1496100395FCF /* Bundle_appName.swift in Sources */ = {isa = PBXBuildFile; fileRef = 3DC2420A25E1496100395FCF /* Bundle_appName.swift */; };
		3DC2420C25E1496100395FCF /* Bundle_appName.swift in Sources */ = {isa = PBXBuildFile; fileRef = 3DC2420A25E1496100395FCF /* Bundle_appName.swift */; };
		3DC2420D25E1496100395FCF /* Bundle_appName.swift in Sources */ = {isa = PBXBuildFile; fileRef = 3DC2420A25E1496100395FCF /* Bundle_appName.swift */; };
		3DC2422B25E150DC00395FCF /* TBColors.swift in Sources */ = {isa = PBXBuildFile; fileRef = 3DC2422A25E150DC00395FCF /* TBColors.swift */; };
		3DC2422C25E150DC00395FCF /* TBColors.swift in Sources */ = {isa = PBXBuildFile; fileRef = 3DC2422A25E150DC00395FCF /* TBColors.swift */; };
		3DC2422D25E150DC00395FCF /* TBColors.swift in Sources */ = {isa = PBXBuildFile; fileRef = 3DC2422A25E150DC00395FCF /* TBColors.swift */; };
		3DC8F56325DFC8A700918A57 /* TopBar.swift in Sources */ = {isa = PBXBuildFile; fileRef = 3DC8F56225DFC8A700918A57 /* TopBar.swift */; };
		3DC8F56425DFC8A700918A57 /* TopBar.swift in Sources */ = {isa = PBXBuildFile; fileRef = 3DC8F56225DFC8A700918A57 /* TopBar.swift */; };
		3DC8F56525DFC8A700918A57 /* TopBar.swift in Sources */ = {isa = PBXBuildFile; fileRef = 3DC8F56225DFC8A700918A57 /* TopBar.swift */; };
		3DC8F5E125E0722A00918A57 /* ProfileModel.swift in Sources */ = {isa = PBXBuildFile; fileRef = 3DC8F5E025E0722A00918A57 /* ProfileModel.swift */; };
		3DC8F5E225E0722A00918A57 /* ProfileModel.swift in Sources */ = {isa = PBXBuildFile; fileRef = 3DC8F5E025E0722A00918A57 /* ProfileModel.swift */; };
		3DC8F5E325E0722A00918A57 /* ProfileModel.swift in Sources */ = {isa = PBXBuildFile; fileRef = 3DC8F5E025E0722A00918A57 /* ProfileModel.swift */; };
		3DC8F5F225E0791800918A57 /* nib+UIViewController.swift in Sources */ = {isa = PBXBuildFile; fileRef = 3DC8F5F125E0791800918A57 /* nib+UIViewController.swift */; };
		3DC8F5F325E0791800918A57 /* nib+UIViewController.swift in Sources */ = {isa = PBXBuildFile; fileRef = 3DC8F5F125E0791800918A57 /* nib+UIViewController.swift */; };
		3DC8F5F425E0791800918A57 /* nib+UIViewController.swift in Sources */ = {isa = PBXBuildFile; fileRef = 3DC8F5F125E0791800918A57 /* nib+UIViewController.swift */; };
		3DD0413325DB3C1000775D19 /* FeedType.swift in Sources */ = {isa = PBXBuildFile; fileRef = 3DD0413225DB3C1000775D19 /* FeedType.swift */; };
		3DD0413425DB3C1000775D19 /* FeedType.swift in Sources */ = {isa = PBXBuildFile; fileRef = 3DD0413225DB3C1000775D19 /* FeedType.swift */; };
		3DD0413525DB3C1000775D19 /* FeedType.swift in Sources */ = {isa = PBXBuildFile; fileRef = 3DD0413225DB3C1000775D19 /* FeedType.swift */; };
		3DDC262425E4031700CEF53C /* Storage.swift in Sources */ = {isa = PBXBuildFile; fileRef = 3DDC262325E4031700CEF53C /* Storage.swift */; };
		3DDC262525E4031700CEF53C /* Storage.swift in Sources */ = {isa = PBXBuildFile; fileRef = 3DDC262325E4031700CEF53C /* Storage.swift */; };
		3DDC262625E4031700CEF53C /* Storage.swift in Sources */ = {isa = PBXBuildFile; fileRef = 3DDC262325E4031700CEF53C /* Storage.swift */; };
		3DDC263D25E4544B00CEF53C /* StorageManager.swift in Sources */ = {isa = PBXBuildFile; fileRef = 3DDC263C25E4544B00CEF53C /* StorageManager.swift */; };
		3DDC263E25E4544B00CEF53C /* StorageManager.swift in Sources */ = {isa = PBXBuildFile; fileRef = 3DDC263C25E4544B00CEF53C /* StorageManager.swift */; };
		3DDC263F25E4544B00CEF53C /* StorageManager.swift in Sources */ = {isa = PBXBuildFile; fileRef = 3DDC263C25E4544B00CEF53C /* StorageManager.swift */; };
		3DDCE12425D8FE2600699F55 /* FeedViewController.swift in Sources */ = {isa = PBXBuildFile; fileRef = 3DDCE12325D8FE2600699F55 /* FeedViewController.swift */; };
		3DDCE12525D8FE2600699F55 /* FeedViewController.swift in Sources */ = {isa = PBXBuildFile; fileRef = 3DDCE12325D8FE2600699F55 /* FeedViewController.swift */; };
		3DDCE12625D8FE2600699F55 /* FeedViewController.swift in Sources */ = {isa = PBXBuildFile; fileRef = 3DDCE12325D8FE2600699F55 /* FeedViewController.swift */; };
		3DDCE17625D90A2D00699F55 /* Userinfo.swift in Sources */ = {isa = PBXBuildFile; fileRef = 3DDCE17525D90A2D00699F55 /* Userinfo.swift */; };
		3DDCE17725D90A2D00699F55 /* Userinfo.swift in Sources */ = {isa = PBXBuildFile; fileRef = 3DDCE17525D90A2D00699F55 /* Userinfo.swift */; };
		3DDCE17825D90A2D00699F55 /* Userinfo.swift in Sources */ = {isa = PBXBuildFile; fileRef = 3DDCE17525D90A2D00699F55 /* Userinfo.swift */; };
		3DE9CF0125DDBFEB00E58D59 /* resize.swift in Sources */ = {isa = PBXBuildFile; fileRef = 3DE9CF0025DDBFEB00E58D59 /* resize.swift */; };
		3DE9CF0225DDBFEB00E58D59 /* resize.swift in Sources */ = {isa = PBXBuildFile; fileRef = 3DE9CF0025DDBFEB00E58D59 /* resize.swift */; };
		3DE9CF0325DDBFEB00E58D59 /* resize.swift in Sources */ = {isa = PBXBuildFile; fileRef = 3DE9CF0025DDBFEB00E58D59 /* resize.swift */; };
		3DE9F5F425DD746300DFB5A2 /* FeedView.swift in Sources */ = {isa = PBXBuildFile; fileRef = 3DE9F5F325DD746300DFB5A2 /* FeedView.swift */; };
		3DE9F5F525DD746300DFB5A2 /* FeedView.swift in Sources */ = {isa = PBXBuildFile; fileRef = 3DE9F5F325DD746300DFB5A2 /* FeedView.swift */; };
		3DE9F5F625DD746300DFB5A2 /* FeedView.swift in Sources */ = {isa = PBXBuildFile; fileRef = 3DE9F5F325DD746300DFB5A2 /* FeedView.swift */; };
		3DF6BD3125D2B9D8007BA7E1 /* Icons.swift in Sources */ = {isa = PBXBuildFile; fileRef = 3DF6BD3025D2B9D8007BA7E1 /* Icons.swift */; };
		3DF6BD3225D2B9D8007BA7E1 /* Icons.swift in Sources */ = {isa = PBXBuildFile; fileRef = 3DF6BD3025D2B9D8007BA7E1 /* Icons.swift */; };
		3DF6BD3325D2B9D8007BA7E1 /* Icons.swift in Sources */ = {isa = PBXBuildFile; fileRef = 3DF6BD3025D2B9D8007BA7E1 /* Icons.swift */; };
		3DF79E5125E7EA47009D64ED /* TopBarDelegates.swift in Sources */ = {isa = PBXBuildFile; fileRef = 3DF79E5025E7EA47009D64ED /* TopBarDelegates.swift */; };
		3DF79E5225E7EA47009D64ED /* TopBarDelegates.swift in Sources */ = {isa = PBXBuildFile; fileRef = 3DF79E5025E7EA47009D64ED /* TopBarDelegates.swift */; };
		3DF79E5325E7EA47009D64ED /* TopBarDelegates.swift in Sources */ = {isa = PBXBuildFile; fileRef = 3DF79E5025E7EA47009D64ED /* TopBarDelegates.swift */; };
		3DF8354725DB405B0067CAB1 /* Assets.xcassets in Resources */ = {isa = PBXBuildFile; fileRef = 3D12F90B25C9C4890067701C /* Assets.xcassets */; };
		3DF8354B25DB405C0067CAB1 /* Assets.xcassets in Resources */ = {isa = PBXBuildFile; fileRef = 3D12F90B25C9C4890067701C /* Assets.xcassets */; };
		3DFE1C8225DD313F00788040 /* PostTextView.swift in Sources */ = {isa = PBXBuildFile; fileRef = 3DFE1C8125DD313F00788040 /* PostTextView.swift */; };
		3DFE1C8325DD313F00788040 /* PostTextView.swift in Sources */ = {isa = PBXBuildFile; fileRef = 3DFE1C8125DD313F00788040 /* PostTextView.swift */; };
		3DFE1C8425DD313F00788040 /* PostTextView.swift in Sources */ = {isa = PBXBuildFile; fileRef = 3DFE1C8125DD313F00788040 /* PostTextView.swift */; };
/* End PBXBuildFile section */

/* Begin PBXContainerItemProxy section */
		3D12F91625C9C4890067701C /* PBXContainerItemProxy */ = {
			isa = PBXContainerItemProxy;
			containerPortal = 3D12F8F725C9C4870067701C /* Project object */;
			proxyType = 1;
			remoteGlobalIDString = 3D12F8FE25C9C4870067701C;
			remoteInfo = Pikabu;
		};
		3D12F92125C9C4890067701C /* PBXContainerItemProxy */ = {
			isa = PBXContainerItemProxy;
			containerPortal = 3D12F8F725C9C4870067701C /* Project object */;
			proxyType = 1;
			remoteGlobalIDString = 3D12F8FE25C9C4870067701C;
			remoteInfo = Pikabu;
		};
/* End PBXContainerItemProxy section */

/* Begin PBXFileReference section */
		3D00910F25D90F3B003A0B5E /* FooterView.xib */ = {isa = PBXFileReference; lastKnownFileType = file.xib; path = FooterView.xib; sourceTree = "<group>"; };
		3D00913A25D91D9B003A0B5E /* PostCell.xib */ = {isa = PBXFileReference; lastKnownFileType = file.xib; path = PostCell.xib; sourceTree = "<group>"; };
		3D00F3D025DC1DD20041FE22 /* StorageModel.swift */ = {isa = PBXFileReference; lastKnownFileType = sourcecode.swift; path = StorageModel.swift; sourceTree = "<group>"; };
		3D12665225DE9A97000542DC /* ConstraintWidthHeight.swift */ = {isa = PBXFileReference; lastKnownFileType = sourcecode.swift; path = ConstraintWidthHeight.swift; sourceTree = "<group>"; };
		3D12F8FF25C9C4870067701C /* Pikabu.app */ = {isa = PBXFileReference; explicitFileType = wrapper.application; includeInIndex = 0; path = Pikabu.app; sourceTree = BUILT_PRODUCTS_DIR; };
		3D12F90225C9C4870067701C /* AppDelegate.swift */ = {isa = PBXFileReference; lastKnownFileType = sourcecode.swift; path = AppDelegate.swift; sourceTree = "<group>"; };
		3D12F90425C9C4870067701C /* SceneDelegate.swift */ = {isa = PBXFileReference; lastKnownFileType = sourcecode.swift; path = SceneDelegate.swift; sourceTree = "<group>"; };
		3D12F90B25C9C4890067701C /* Assets.xcassets */ = {isa = PBXFileReference; lastKnownFileType = folder.assetcatalog; path = Assets.xcassets; sourceTree = "<group>"; };
		3D12F90E25C9C4890067701C /* Base */ = {isa = PBXFileReference; lastKnownFileType = file.storyboard; name = Base; path = Base.lproj/LaunchScreen.storyboard; sourceTree = "<group>"; };
		3D12F91025C9C4890067701C /* Info.plist */ = {isa = PBXFileReference; lastKnownFileType = text.plist.xml; path = Info.plist; sourceTree = "<group>"; };
		3D12F91525C9C4890067701C /* PikabuTests.xctest */ = {isa = PBXFileReference; explicitFileType = wrapper.cfbundle; includeInIndex = 0; path = PikabuTests.xctest; sourceTree = BUILT_PRODUCTS_DIR; };
		3D12F91925C9C4890067701C /* PikabuTests.swift */ = {isa = PBXFileReference; lastKnownFileType = sourcecode.swift; path = PikabuTests.swift; sourceTree = "<group>"; };
		3D12F91B25C9C4890067701C /* Info.plist */ = {isa = PBXFileReference; lastKnownFileType = text.plist.xml; path = Info.plist; sourceTree = "<group>"; };
		3D12F92025C9C4890067701C /* PikabuUITests.xctest */ = {isa = PBXFileReference; explicitFileType = wrapper.cfbundle; includeInIndex = 0; path = PikabuUITests.xctest; sourceTree = BUILT_PRODUCTS_DIR; };
		3D12F92425C9C4890067701C /* PikabuUITests.swift */ = {isa = PBXFileReference; lastKnownFileType = sourcecode.swift; path = PikabuUITests.swift; sourceTree = "<group>"; };
		3D12F92625C9C4890067701C /* Info.plist */ = {isa = PBXFileReference; lastKnownFileType = text.plist.xml; path = Info.plist; sourceTree = "<group>"; };
		3D12F97925CA0EE50067701C /* PostCell.swift */ = {isa = PBXFileReference; lastKnownFileType = sourcecode.swift; path = PostCell.swift; sourceTree = "<group>"; };
		3D12F98625CA12470067701C /* FeedPost.swift */ = {isa = PBXFileReference; lastKnownFileType = sourcecode.swift; path = FeedPost.swift; sourceTree = "<group>"; };
		3D12F9B025CA36D20067701C /* WindowRootVC.swift */ = {isa = PBXFileReference; lastKnownFileType = sourcecode.swift; path = WindowRootVC.swift; sourceTree = "<group>"; };
		3D12FA2925CCB8060067701C /* API.swift */ = {isa = PBXFileReference; lastKnownFileType = sourcecode.swift; path = API.swift; sourceTree = "<group>"; };
		3D12FA3A25CCBBEF0067701C /* URLS.swift */ = {isa = PBXFileReference; lastKnownFileType = sourcecode.swift; path = URLS.swift; sourceTree = "<group>"; };
		3D12FA5825CCDF320067701C /* GETPOST.swift */ = {isa = PBXFileReference; lastKnownFileType = sourcecode.swift; path = GETPOST.swift; sourceTree = "<group>"; };
		3D12FA6325CCF3C00067701C /* Dispatcher.swift */ = {isa = PBXFileReference; lastKnownFileType = sourcecode.swift; path = Dispatcher.swift; sourceTree = "<group>"; };
		3D12FA8C25CD0A1A0067701C /* TypeAliases.swift */ = {isa = PBXFileReference; lastKnownFileType = sourcecode.swift; path = TypeAliases.swift; sourceTree = "<group>"; };
		3D12FABC25CD93180067701C /* APIStorage.swift */ = {isa = PBXFileReference; lastKnownFileType = sourcecode.swift; path = APIStorage.swift; sourceTree = "<group>"; };
		3D12FB4A25CE19660067701C /* CacheHandler.swift */ = {isa = PBXFileReference; lastKnownFileType = sourcecode.swift; path = CacheHandler.swift; sourceTree = "<group>"; };
		3D12FB5425CE197B0067701C /* CacheProvider.swift */ = {isa = PBXFileReference; lastKnownFileType = sourcecode.swift; path = CacheProvider.swift; sourceTree = "<group>"; };
		3D12FDA525CE747E0067701C /* Handler.swift */ = {isa = PBXFileReference; lastKnownFileType = sourcecode.swift; path = Handler.swift; sourceTree = "<group>"; };
		3D1CD7C725D8BA31008B7FE7 /* FeedModel.swift */ = {isa = PBXFileReference; lastKnownFileType = sourcecode.swift; path = FeedModel.swift; sourceTree = "<group>"; };
		3D2E015625D28BB700B0CF50 /* HeaderView.swift */ = {isa = PBXFileReference; lastKnownFileType = sourcecode.swift; path = HeaderView.swift; sourceTree = "<group>"; };
		3D2E017125D2901E00B0CF50 /* FooterView.swift */ = {isa = PBXFileReference; lastKnownFileType = sourcecode.swift; path = FooterView.swift; sourceTree = "<group>"; };
		3D2E018525D2941000B0CF50 /* HeaderView.xib */ = {isa = PBXFileReference; lastKnownFileType = file.xib; path = HeaderView.xib; sourceTree = "<group>"; };
		3D3CA7D425DD7F6200774FE6 /* separatorConfig.swift */ = {isa = PBXFileReference; lastKnownFileType = sourcecode.swift; path = separatorConfig.swift; sourceTree = "<group>"; };
		3D4F90E125D6DEFE007EA442 /* FooterViewModel.swift */ = {isa = PBXFileReference; lastKnownFileType = sourcecode.swift; path = FooterViewModel.swift; sourceTree = "<group>"; };
		3D4F90EB25D6E22C007EA442 /* HeaderViewModel.swift */ = {isa = PBXFileReference; lastKnownFileType = sourcecode.swift; path = HeaderViewModel.swift; sourceTree = "<group>"; };
		3D6050AC25D53FFA005FC80D /* BrokenLabel.swift */ = {isa = PBXFileReference; lastKnownFileType = sourcecode.swift; path = BrokenLabel.swift; sourceTree = "<group>"; };
		3D70356F25DE8B090041E078 /* PostImageView.swift */ = {isa = PBXFileReference; lastKnownFileType = sourcecode.swift; path = PostImageView.swift; sourceTree = "<group>"; };
		3D88CA8725DFA8340031B582 /* ScreenCell.swift */ = {isa = PBXFileReference; lastKnownFileType = sourcecode.swift; path = ScreenCell.swift; sourceTree = "<group>"; };
		3D88CAAE25DFC5F00031B582 /* ProfileCollectionView.swift */ = {isa = PBXFileReference; lastKnownFileType = sourcecode.swift; path = ProfileCollectionView.swift; sourceTree = "<group>"; };
		3D89A42F25D6D2530022CBE3 /* FeedPostCellModel.swift */ = {isa = PBXFileReference; lastKnownFileType = sourcecode.swift; path = FeedPostCellModel.swift; sourceTree = "<group>"; };
		3D9BA6BA25D3C4D1005E7DE9 /* UIViewMargins.swift */ = {isa = PBXFileReference; lastKnownFileType = sourcecode.swift; path = UIViewMargins.swift; sourceTree = "<group>"; };
		3D9DEB9725E9372E004E5E30 /* SemiternaryOperator.swift */ = {isa = PBXFileReference; lastKnownFileType = sourcecode.swift; path = SemiternaryOperator.swift; sourceTree = "<group>"; };
		3DA6158025DA9161009F2214 /* PostStackView.swift */ = {isa = PBXFileReference; lastKnownFileType = sourcecode.swift; path = PostStackView.swift; sourceTree = "<group>"; };
		3DAC1BB125E0FB9F005C26C1 /* TBCell.swift */ = {isa = PBXFileReference; lastKnownFileType = sourcecode.swift; path = TBCell.swift; sourceTree = "<group>"; };
		3DAC507425E5C0DD00926936 /* ProfileViewController.swift */ = {isa = PBXFileReference; lastKnownFileType = sourcecode.swift; path = ProfileViewController.swift; sourceTree = "<group>"; };
		3DAC507525E5C0DD00926936 /* ProfileViewController.xib */ = {isa = PBXFileReference; lastKnownFileType = file.xib; path = ProfileViewController.xib; sourceTree = "<group>"; };
		3DC241E425E1484B00395FCF /* UIView_Id_Nib.swift */ = {isa = PBXFileReference; lastKnownFileType = sourcecode.swift; path = UIView_Id_Nib.swift; sourceTree = "<group>"; };
		3DC2420A25E1496100395FCF /* Bundle_appName.swift */ = {isa = PBXFileReference; lastKnownFileType = sourcecode.swift; path = Bundle_appName.swift; sourceTree = "<group>"; };
		3DC2422A25E150DC00395FCF /* TBColors.swift */ = {isa = PBXFileReference; lastKnownFileType = sourcecode.swift; path = TBColors.swift; sourceTree = "<group>"; };
		3DC8F56225DFC8A700918A57 /* TopBar.swift */ = {isa = PBXFileReference; lastKnownFileType = sourcecode.swift; path = TopBar.swift; sourceTree = "<group>"; };
		3DC8F5E025E0722A00918A57 /* ProfileModel.swift */ = {isa = PBXFileReference; lastKnownFileType = sourcecode.swift; path = ProfileModel.swift; sourceTree = "<group>"; };
		3DC8F5F125E0791800918A57 /* nib+UIViewController.swift */ = {isa = PBXFileReference; lastKnownFileType = sourcecode.swift; path = "nib+UIViewController.swift"; sourceTree = "<group>"; };
		3DD0413225DB3C1000775D19 /* FeedType.swift */ = {isa = PBXFileReference; lastKnownFileType = sourcecode.swift; path = FeedType.swift; sourceTree = "<group>"; };
		3DDC262325E4031700CEF53C /* Storage.swift */ = {isa = PBXFileReference; lastKnownFileType = sourcecode.swift; path = Storage.swift; sourceTree = "<group>"; };
		3DDC263C25E4544B00CEF53C /* StorageManager.swift */ = {isa = PBXFileReference; lastKnownFileType = sourcecode.swift; path = StorageManager.swift; sourceTree = "<group>"; };
		3DDCE12325D8FE2600699F55 /* FeedViewController.swift */ = {isa = PBXFileReference; lastKnownFileType = sourcecode.swift; path = FeedViewController.swift; sourceTree = "<group>"; };
		3DDCE17525D90A2D00699F55 /* Userinfo.swift */ = {isa = PBXFileReference; lastKnownFileType = sourcecode.swift; path = Userinfo.swift; sourceTree = "<group>"; };
		3DE9CF0025DDBFEB00E58D59 /* resize.swift */ = {isa = PBXFileReference; lastKnownFileType = sourcecode.swift; path = resize.swift; sourceTree = "<group>"; };
		3DE9F5F325DD746300DFB5A2 /* FeedView.swift */ = {isa = PBXFileReference; lastKnownFileType = sourcecode.swift; path = FeedView.swift; sourceTree = "<group>"; };
		3DF6BD3025D2B9D8007BA7E1 /* Icons.swift */ = {isa = PBXFileReference; lastKnownFileType = sourcecode.swift; path = Icons.swift; sourceTree = "<group>"; };
		3DF734C425DC7DE900B8BF5F /* navigationBarConfig.swift */ = {isa = PBXFileReference; lastKnownFileType = sourcecode.swift; path = navigationBarConfig.swift; sourceTree = "<group>"; };
		3DF79E5025E7EA47009D64ED /* TopBarDelegates.swift */ = {isa = PBXFileReference; lastKnownFileType = sourcecode.swift; path = TopBarDelegates.swift; sourceTree = "<group>"; };
		3DFE1C8125DD313F00788040 /* PostTextView.swift */ = {isa = PBXFileReference; lastKnownFileType = sourcecode.swift; path = PostTextView.swift; sourceTree = "<group>"; };
/* End PBXFileReference section */

/* Begin PBXFrameworksBuildPhase section */
		3D12F8FC25C9C4870067701C /* Frameworks */ = {
			isa = PBXFrameworksBuildPhase;
			buildActionMask = 2147483647;
			files = (
			);
			runOnlyForDeploymentPostprocessing = 0;
		};
		3D12F91225C9C4890067701C /* Frameworks */ = {
			isa = PBXFrameworksBuildPhase;
			buildActionMask = 2147483647;
			files = (
			);
			runOnlyForDeploymentPostprocessing = 0;
		};
		3D12F91D25C9C4890067701C /* Frameworks */ = {
			isa = PBXFrameworksBuildPhase;
			buildActionMask = 2147483647;
			files = (
			);
			runOnlyForDeploymentPostprocessing = 0;
		};
/* End PBXFrameworksBuildPhase section */

/* Begin PBXGroup section */
		3D00F3CF25DC1DC30041FE22 /* Storage */ = {
			isa = PBXGroup;
			children = (
				3D00F3D025DC1DD20041FE22 /* StorageModel.swift */,
			);
			path = Storage;
			sourceTree = "<group>";
		};
		3D12F8F625C9C4870067701C = {
			isa = PBXGroup;
			children = (
				3D12F90125C9C4870067701C /* Pikabu */,
				3D12F91825C9C4890067701C /* PikabuTests */,
				3D12F92325C9C4890067701C /* PikabuUITests */,
				3D12F90025C9C4870067701C /* Products */,
			);
			sourceTree = "<group>";
		};
		3D12F90025C9C4870067701C /* Products */ = {
			isa = PBXGroup;
			children = (
				3D12F8FF25C9C4870067701C /* Pikabu.app */,
				3D12F91525C9C4890067701C /* PikabuTests.xctest */,
				3D12F92025C9C4890067701C /* PikabuUITests.xctest */,
			);
			name = Products;
			sourceTree = "<group>";
		};
		3D12F90125C9C4870067701C /* Pikabu */ = {
			isa = PBXGroup;
			children = (
				3D12F91025C9C4890067701C /* Info.plist */,
				3D12F94725C9DADC0067701C /* Embedded */,
				3D12F94B25C9DB330067701C /* Source code */,
			);
			path = Pikabu;
			sourceTree = "<group>";
		};
		3D12F91825C9C4890067701C /* PikabuTests */ = {
			isa = PBXGroup;
			children = (
				3D12F91925C9C4890067701C /* PikabuTests.swift */,
				3D12F91B25C9C4890067701C /* Info.plist */,
			);
			path = PikabuTests;
			sourceTree = "<group>";
		};
		3D12F92325C9C4890067701C /* PikabuUITests */ = {
			isa = PBXGroup;
			children = (
				3D12F92425C9C4890067701C /* PikabuUITests.swift */,
				3D12F92625C9C4890067701C /* Info.plist */,
			);
			path = PikabuUITests;
			sourceTree = "<group>";
		};
		3D12F94725C9DADC0067701C /* Embedded */ = {
			isa = PBXGroup;
			children = (
				3D12F9AF25CA36B80067701C /* DelegateHelpers */,
				3D12F90225C9C4870067701C /* AppDelegate.swift */,
				3D12F90425C9C4870067701C /* SceneDelegate.swift */,
				3D12F90B25C9C4890067701C /* Assets.xcassets */,
				3D12F90D25C9C4890067701C /* LaunchScreen.storyboard */,
			);
			path = Embedded;
			sourceTree = "<group>";
		};
		3D12F94B25C9DB330067701C /* Source code */ = {
			isa = PBXGroup;
			children = (
				3D12FA2825CCB7FC0067701C /* API */,
				3DDCE12225D8FE0600699F55 /* Controllers */,
				3D12FDA425CE74730067701C /* Handler */,
				3D12F95825CA0DBF0067701C /* Helpers */,
				3D12F98325CA12230067701C /* Model */,
				3D12F99025CA191A0067701C /* Storage */,
				3D70356A25DE8ADE0041E078 /* Views */,
			);
			path = "Source code";
			sourceTree = "<group>";
		};
		3D12F95825CA0DBF0067701C /* Helpers */ = {
			isa = PBXGroup;
			children = (
				3D6050AC25D53FFA005FC80D /* BrokenLabel.swift */,
				3D9DEB9725E9372E004E5E30 /* SemiternaryOperator.swift */,
				3D12FA8C25CD0A1A0067701C /* TypeAliases.swift */,
				3D12FA6225CCF3B60067701C /* Dispatcher */,
				3DC2422025E149F800395FCF /* Enums */,
				3D12F95925CA0DC60067701C /* Extensions */,
			);
			path = Helpers;
			sourceTree = "<group>";
		};
		3D12F95925CA0DC60067701C /* Extensions */ = {
			isa = PBXGroup;
			children = (
				3DC2420925E1491800395FCF /* Bundle */,
				3DE9CEFC25DDBF5A00E58D59 /* UIImageView */,
				3D3CA7D325DD7F4A00774FE6 /* UITableView */,
				3DD4CF4A25DE49D10067483B /* UIView */,
				3DC8F5F025E078F100918A57 /* UIViewController */,
			);
			path = Extensions;
			sourceTree = "<group>";
		};
		3D12F98325CA12230067701C /* Model */ = {
			isa = PBXGroup;
			children = (
				3D1CD7C725D8BA31008B7FE7 /* FeedModel.swift */,
				3D89A42F25D6D2530022CBE3 /* FeedPostCellModel.swift */,
				3D4F90E125D6DEFE007EA442 /* FooterViewModel.swift */,
				3D4F90EB25D6E22C007EA442 /* HeaderViewModel.swift */,
				3DC8F5E025E0722A00918A57 /* ProfileModel.swift */,
				3D00F3CF25DC1DC30041FE22 /* Storage */,
				3D12F98425CA122A0067701C /* Struct */,
			);
			path = Model;
			sourceTree = "<group>";
		};
		3D12F98425CA122A0067701C /* Struct */ = {
			isa = PBXGroup;
			children = (
				3D12F98625CA12470067701C /* FeedPost.swift */,
			);
			path = Struct;
			sourceTree = "<group>";
		};
		3D12F99025CA191A0067701C /* Storage */ = {
			isa = PBXGroup;
			children = (
				3DD0413225DB3C1000775D19 /* FeedType.swift */,
				3DDC262325E4031700CEF53C /* Storage.swift */,
				3DDC263C25E4544B00CEF53C /* StorageManager.swift */,
				3D12FABB25CD93000067701C /* API */,
			);
			path = Storage;
			sourceTree = "<group>";
		};
		3D12F9AF25CA36B80067701C /* DelegateHelpers */ = {
			isa = PBXGroup;
			children = (
				3D12F9B025CA36D20067701C /* WindowRootVC.swift */,
			);
			path = DelegateHelpers;
			sourceTree = "<group>";
		};
		3D12FA2825CCB7FC0067701C /* API */ = {
			isa = PBXGroup;
			children = (
				3D12FA2925CCB8060067701C /* API.swift */,
				3D12FA5825CCDF320067701C /* GETPOST.swift */,
				3D12FA3A25CCBBEF0067701C /* URLS.swift */,
			);
			path = API;
			sourceTree = "<group>";
		};
		3D12FA6225CCF3B60067701C /* Dispatcher */ = {
			isa = PBXGroup;
			children = (
				3D12FA6325CCF3C00067701C /* Dispatcher.swift */,
			);
			path = Dispatcher;
			sourceTree = "<group>";
		};
		3D12FABB25CD93000067701C /* API */ = {
			isa = PBXGroup;
			children = (
				3D12FB4925CE19420067701C /* Protocols */,
				3D12FABC25CD93180067701C /* APIStorage.swift */,
			);
			path = API;
			sourceTree = "<group>";
		};
		3D12FB4925CE19420067701C /* Protocols */ = {
			isa = PBXGroup;
			children = (
				3D12FB4A25CE19660067701C /* CacheHandler.swift */,
				3D12FB5425CE197B0067701C /* CacheProvider.swift */,
			);
			path = Protocols;
			sourceTree = "<group>";
		};
		3D12FDA425CE74730067701C /* Handler */ = {
			isa = PBXGroup;
			children = (
				3D12FDA525CE747E0067701C /* Handler.swift */,
			);
			path = Handler;
			sourceTree = "<group>";
		};
		3D1CD7C625D8BA13008B7FE7 /* FeedView */ = {
			isa = PBXGroup;
			children = (
				3DE9F5F325DD746300DFB5A2 /* FeedView.swift */,
				3DCC55D525D6C793003B7508 /* PostCell */,
			);
			path = FeedView;
			sourceTree = "<group>";
		};
		3D2E014825D28B7C00B0CF50 /* HeaderView */ = {
			isa = PBXGroup;
			children = (
				3D2E015625D28BB700B0CF50 /* HeaderView.swift */,
				3D2E018525D2941000B0CF50 /* HeaderView.xib */,
			);
			path = HeaderView;
			sourceTree = "<group>";
		};
		3D2E017025D28FFC00B0CF50 /* FooterView */ = {
			isa = PBXGroup;
			children = (
				3D2E017125D2901E00B0CF50 /* FooterView.swift */,
				3D00910F25D90F3B003A0B5E /* FooterView.xib */,
			);
			path = FooterView;
			sourceTree = "<group>";
		};
		3D324C2C25DC804C00538FF4 /* FeedViewController */ = {
			isa = PBXGroup;
			children = (
				3DDCE12325D8FE2600699F55 /* FeedViewController.swift */,
				3DF734C325DC7DCD00B8BF5F /* Extensions */,
			);
			path = FeedViewController;
			sourceTree = "<group>";
		};
		3D324C2D25DC807B00538FF4 /* ProfileViewController */ = {
			isa = PBXGroup;
			children = (
				3DAC507425E5C0DD00926936 /* ProfileViewController.swift */,
				3DAC507525E5C0DD00926936 /* ProfileViewController.xib */,
				3D88CAAD25DFC5A90031B582 /* ProfileCollectionView */,
				3D88CA8625DFA7E10031B582 /* ProfileCollectionViewCell */,
			);
			path = ProfileViewController;
			sourceTree = "<group>";
		};
		3D3CA7D325DD7F4A00774FE6 /* UITableView */ = {
			isa = PBXGroup;
			children = (
				3D3CA7D425DD7F6200774FE6 /* separatorConfig.swift */,
			);
			path = UITableView;
			sourceTree = "<group>";
		};
		3D70356A25DE8ADE0041E078 /* Views */ = {
			isa = PBXGroup;
			children = (
				3D2E014825D28B7C00B0CF50 /* HeaderView */,
				3D2E017025D28FFC00B0CF50 /* FooterView */,
				3D1CD7C625D8BA13008B7FE7 /* FeedView */,
				3D70356E25DE8AFF0041E078 /* PostImageView */,
				3DFE1C8025DD313300788040 /* PostTextView */,
				3DC8F56125DFC89800918A57 /* TopBar */,
			);
			path = Views;
			sourceTree = "<group>";
		};
		3D70356E25DE8AFF0041E078 /* PostImageView */ = {
			isa = PBXGroup;
			children = (
				3D70356F25DE8B090041E078 /* PostImageView.swift */,
			);
			path = PostImageView;
			sourceTree = "<group>";
		};
		3D88CA8625DFA7E10031B582 /* ProfileCollectionViewCell */ = {
			isa = PBXGroup;
			children = (
				3D88CA8725DFA8340031B582 /* ScreenCell.swift */,
			);
			path = ProfileCollectionViewCell;
			sourceTree = "<group>";
		};
		3D88CAAD25DFC5A90031B582 /* ProfileCollectionView */ = {
			isa = PBXGroup;
			children = (
				3D88CAAE25DFC5F00031B582 /* ProfileCollectionView.swift */,
			);
			path = ProfileCollectionView;
			sourceTree = "<group>";
		};
		3DA6157F25DA913E009F2214 /* PostStackView */ = {
			isa = PBXGroup;
			children = (
				3DA6158025DA9161009F2214 /* PostStackView.swift */,
			);
			path = PostStackView;
			sourceTree = "<group>";
		};
		3DAC1BB025E0FB8E005C26C1 /* Extensions */ = {
			isa = PBXGroup;
			children = (
				3DAC1BB125E0FB9F005C26C1 /* TBCell.swift */,
			);
			path = Extensions;
			sourceTree = "<group>";
		};
		3DC2420925E1491800395FCF /* Bundle */ = {
			isa = PBXGroup;
			children = (
				3DC2420A25E1496100395FCF /* Bundle_appName.swift */,
			);
			path = Bundle;
			sourceTree = "<group>";
		};
		3DC2422025E149F800395FCF /* Enums */ = {
			isa = PBXGroup;
			children = (
				3DF6BD3025D2B9D8007BA7E1 /* Icons.swift */,
				3DC2422A25E150DC00395FCF /* TBColors.swift */,
				3DDCE17525D90A2D00699F55 /* Userinfo.swift */,
			);
			path = Enums;
			sourceTree = "<group>";
		};
		3DC8F56125DFC89800918A57 /* TopBar */ = {
			isa = PBXGroup;
			children = (
				3DC8F56225DFC8A700918A57 /* TopBar.swift */,
				3DF79E5025E7EA47009D64ED /* TopBarDelegates.swift */,
				3DAC1BB025E0FB8E005C26C1 /* Extensions */,
			);
			path = TopBar;
			sourceTree = "<group>";
		};
		3DC8F5F025E078F100918A57 /* UIViewController */ = {
			isa = PBXGroup;
			children = (
				3DC8F5F125E0791800918A57 /* nib+UIViewController.swift */,
			);
			path = UIViewController;
			sourceTree = "<group>";
		};
		3DCC55D525D6C793003B7508 /* PostCell */ = {
			isa = PBXGroup;
			children = (
				3DA6157F25DA913E009F2214 /* PostStackView */,
				3D12F97925CA0EE50067701C /* PostCell.swift */,
				3D00913A25D91D9B003A0B5E /* PostCell.xib */,
			);
			path = PostCell;
			sourceTree = "<group>";
		};
		3DD4CF4A25DE49D10067483B /* UIView */ = {
			isa = PBXGroup;
			children = (
				3D12665225DE9A97000542DC /* ConstraintWidthHeight.swift */,
				3DC241E425E1484B00395FCF /* UIView_Id_Nib.swift */,
				3D9BA6BA25D3C4D1005E7DE9 /* UIViewMargins.swift */,
			);
			path = UIView;
			sourceTree = "<group>";
		};
		3DDCE12225D8FE0600699F55 /* Controllers */ = {
			isa = PBXGroup;
			children = (
				3D324C2C25DC804C00538FF4 /* FeedViewController */,
				3D324C2D25DC807B00538FF4 /* ProfileViewController */,
			);
			path = Controllers;
			sourceTree = "<group>";
		};
		3DE9CEFC25DDBF5A00E58D59 /* UIImageView */ = {
			isa = PBXGroup;
			children = (
				3DE9CF0025DDBFEB00E58D59 /* resize.swift */,
			);
			path = UIImageView;
			sourceTree = "<group>";
		};
		3DF734C325DC7DCD00B8BF5F /* Extensions */ = {
			isa = PBXGroup;
			children = (
				3DF734C425DC7DE900B8BF5F /* navigationBarConfig.swift */,
			);
			path = Extensions;
			sourceTree = "<group>";
		};
		3DFE1C8025DD313300788040 /* PostTextView */ = {
			isa = PBXGroup;
			children = (
				3DFE1C8125DD313F00788040 /* PostTextView.swift */,
			);
			path = PostTextView;
			sourceTree = "<group>";
		};
/* End PBXGroup section */

/* Begin PBXNativeTarget section */
		3D12F8FE25C9C4870067701C /* Pikabu */ = {
			isa = PBXNativeTarget;
			buildConfigurationList = 3D12F92925C9C4890067701C /* Build configuration list for PBXNativeTarget "Pikabu" */;
			buildPhases = (
				3D12F8FB25C9C4870067701C /* Sources */,
				3D12F8FC25C9C4870067701C /* Frameworks */,
				3D12F8FD25C9C4870067701C /* Resources */,
			);
			buildRules = (
			);
			dependencies = (
			);
			name = Pikabu;
			productName = Pikabu;
			productReference = 3D12F8FF25C9C4870067701C /* Pikabu.app */;
			productType = "com.apple.product-type.application";
		};
		3D12F91425C9C4890067701C /* PikabuTests */ = {
			isa = PBXNativeTarget;
			buildConfigurationList = 3D12F92C25C9C4890067701C /* Build configuration list for PBXNativeTarget "PikabuTests" */;
			buildPhases = (
				3D12F91125C9C4890067701C /* Sources */,
				3D12F91225C9C4890067701C /* Frameworks */,
				3D12F91325C9C4890067701C /* Resources */,
			);
			buildRules = (
			);
			dependencies = (
				3D12F91725C9C4890067701C /* PBXTargetDependency */,
			);
			name = PikabuTests;
			productName = PikabuTests;
			productReference = 3D12F91525C9C4890067701C /* PikabuTests.xctest */;
			productType = "com.apple.product-type.bundle.unit-test";
		};
		3D12F91F25C9C4890067701C /* PikabuUITests */ = {
			isa = PBXNativeTarget;
			buildConfigurationList = 3D12F92F25C9C4890067701C /* Build configuration list for PBXNativeTarget "PikabuUITests" */;
			buildPhases = (
				3D12F91C25C9C4890067701C /* Sources */,
				3D12F91D25C9C4890067701C /* Frameworks */,
				3D12F91E25C9C4890067701C /* Resources */,
			);
			buildRules = (
			);
			dependencies = (
				3D12F92225C9C4890067701C /* PBXTargetDependency */,
			);
			name = PikabuUITests;
			productName = PikabuUITests;
			productReference = 3D12F92025C9C4890067701C /* PikabuUITests.xctest */;
			productType = "com.apple.product-type.bundle.ui-testing";
		};
/* End PBXNativeTarget section */

/* Begin PBXProject section */
		3D12F8F725C9C4870067701C /* Project object */ = {
			isa = PBXProject;
			attributes = {
				LastSwiftUpdateCheck = 1240;
				LastUpgradeCheck = 1240;
				TargetAttributes = {
					3D12F8FE25C9C4870067701C = {
						CreatedOnToolsVersion = 12.4;
					};
					3D12F91425C9C4890067701C = {
						CreatedOnToolsVersion = 12.4;
						TestTargetID = 3D12F8FE25C9C4870067701C;
					};
					3D12F91F25C9C4890067701C = {
						CreatedOnToolsVersion = 12.4;
						TestTargetID = 3D12F8FE25C9C4870067701C;
					};
				};
			};
			buildConfigurationList = 3D12F8FA25C9C4870067701C /* Build configuration list for PBXProject "Pikabu" */;
			compatibilityVersion = "Xcode 9.3";
			developmentRegion = en;
			hasScannedForEncodings = 0;
			knownRegions = (
				en,
				Base,
			);
			mainGroup = 3D12F8F625C9C4870067701C;
			productRefGroup = 3D12F90025C9C4870067701C /* Products */;
			projectDirPath = "";
			projectRoot = "";
			targets = (
				3D12F8FE25C9C4870067701C /* Pikabu */,
				3D12F91425C9C4890067701C /* PikabuTests */,
				3D12F91F25C9C4890067701C /* PikabuUITests */,
			);
		};
/* End PBXProject section */

/* Begin PBXResourcesBuildPhase section */
		3D12F8FD25C9C4870067701C /* Resources */ = {
			isa = PBXResourcesBuildPhase;
			buildActionMask = 2147483647;
			files = (
				3DAC507925E5C0DD00926936 /* ProfileViewController.xib in Resources */,
				3D12F90F25C9C4890067701C /* LaunchScreen.storyboard in Resources */,
				3D00913B25D91D9B003A0B5E /* PostCell.xib in Resources */,
				3D12F90C25C9C4890067701C /* Assets.xcassets in Resources */,
				3D2E018625D2941000B0CF50 /* HeaderView.xib in Resources */,
				3D00911025D90F3B003A0B5E /* FooterView.xib in Resources */,
			);
			runOnlyForDeploymentPostprocessing = 0;
		};
		3D12F91325C9C4890067701C /* Resources */ = {
			isa = PBXResourcesBuildPhase;
			buildActionMask = 2147483647;
			files = (
				3D00911125D90F3B003A0B5E /* FooterView.xib in Resources */,
				3D2E018725D2941000B0CF50 /* HeaderView.xib in Resources */,
				3D00913C25D91D9B003A0B5E /* PostCell.xib in Resources */,
				3DAC507A25E5C0DD00926936 /* ProfileViewController.xib in Resources */,
				3DF8354B25DB405C0067CAB1 /* Assets.xcassets in Resources */,
			);
			runOnlyForDeploymentPostprocessing = 0;
		};
		3D12F91E25C9C4890067701C /* Resources */ = {
			isa = PBXResourcesBuildPhase;
			buildActionMask = 2147483647;
			files = (
				3D00911225D90F3B003A0B5E /* FooterView.xib in Resources */,
				3D2E018825D2941000B0CF50 /* HeaderView.xib in Resources */,
				3D00913D25D91D9B003A0B5E /* PostCell.xib in Resources */,
				3DAC507B25E5C0DD00926936 /* ProfileViewController.xib in Resources */,
				3DF8354725DB405B0067CAB1 /* Assets.xcassets in Resources */,
			);
			runOnlyForDeploymentPostprocessing = 0;
		};
/* End PBXResourcesBuildPhase section */

/* Begin PBXSourcesBuildPhase section */
		3D12F8FB25C9C4870067701C /* Sources */ = {
			isa = PBXSourcesBuildPhase;
			buildActionMask = 2147483647;
			files = (
				3DC2420B25E1496100395FCF /* Bundle_appName.swift in Sources */,
				3D12F97A25CA0EE50067701C /* PostCell.swift in Sources */,
				3DC8F5F225E0791800918A57 /* nib+UIViewController.swift in Sources */,
				3D12FA6425CCF3C00067701C /* Dispatcher.swift in Sources */,
				3D88CA8925DFA8340031B582 /* ScreenCell.swift in Sources */,
				3DD0413325DB3C1000775D19 /* FeedType.swift in Sources */,
				3D12F98725CA12470067701C /* FeedPost.swift in Sources */,
				3D4F90EC25D6E22C007EA442 /* HeaderViewModel.swift in Sources */,
				3D9DEB9825E9372E004E5E30 /* SemiternaryOperator.swift in Sources */,
				3DAC507625E5C0DD00926936 /* ProfileViewController.swift in Sources */,
				3D70357025DE8B090041E078 /* PostImageView.swift in Sources */,
				3D324C2025DC800E00538FF4 /* navigationBarConfig.swift in Sources */,
				3D12FA2A25CCB8060067701C /* API.swift in Sources */,
				3D12FDA625CE747E0067701C /* Handler.swift in Sources */,
				3DC2422B25E150DC00395FCF /* TBColors.swift in Sources */,
				3D3CA7D525DD7F6200774FE6 /* separatorConfig.swift in Sources */,
				3D12F90325C9C4870067701C /* AppDelegate.swift in Sources */,
				3D12FA8D25CD0A1A0067701C /* TypeAliases.swift in Sources */,
				3D6050AD25D53FFA005FC80D /* BrokenLabel.swift in Sources */,
				3D12F9B125CA36D20067701C /* WindowRootVC.swift in Sources */,
				3DC8F56325DFC8A700918A57 /* TopBar.swift in Sources */,
				3D1CD7C825D8BA31008B7FE7 /* FeedModel.swift in Sources */,
				3DE9CF0125DDBFEB00E58D59 /* resize.swift in Sources */,
				3D12FB5525CE197B0067701C /* CacheProvider.swift in Sources */,
				3D12665325DE9A97000542DC /* ConstraintWidthHeight.swift in Sources */,
				3D12FB4B25CE19660067701C /* CacheHandler.swift in Sources */,
				3DFE1C8225DD313F00788040 /* PostTextView.swift in Sources */,
				3D12FA3B25CCBBEF0067701C /* URLS.swift in Sources */,
				3D4F90E225D6DEFE007EA442 /* FooterViewModel.swift in Sources */,
				3DDC263D25E4544B00CEF53C /* StorageManager.swift in Sources */,
				3D2E017225D2901E00B0CF50 /* FooterView.swift in Sources */,
				3D00F3D125DC1DD20041FE22 /* StorageModel.swift in Sources */,
				3D89A43025D6D2530022CBE3 /* FeedPostCellModel.swift in Sources */,
				3DE9F5F425DD746300DFB5A2 /* FeedView.swift in Sources */,
				3DA6158125DA9161009F2214 /* PostStackView.swift in Sources */,
				3DDC262425E4031700CEF53C /* Storage.swift in Sources */,
				3D9BA6BB25D3C4D1005E7DE9 /* UIViewMargins.swift in Sources */,
				3DAC1BB225E0FB9F005C26C1 /* TBCell.swift in Sources */,
				3DC8F5E125E0722A00918A57 /* ProfileModel.swift in Sources */,
				3DF79E5125E7EA47009D64ED /* TopBarDelegates.swift in Sources */,
				3DDCE12425D8FE2600699F55 /* FeedViewController.swift in Sources */,
				3D12FABD25CD93180067701C /* APIStorage.swift in Sources */,
				3DF6BD3125D2B9D8007BA7E1 /* Icons.swift in Sources */,
				3DC241E525E1484B00395FCF /* UIView_Id_Nib.swift in Sources */,
				3D2E015725D28BB700B0CF50 /* HeaderView.swift in Sources */,
				3D12FA5925CCDF320067701C /* GETPOST.swift in Sources */,
				3DDCE17625D90A2D00699F55 /* Userinfo.swift in Sources */,
				3D88CAAF25DFC5F00031B582 /* ProfileCollectionView.swift in Sources */,
				3D12F90525C9C4870067701C /* SceneDelegate.swift in Sources */,
			);
			runOnlyForDeploymentPostprocessing = 0;
		};
		3D12F91125C9C4890067701C /* Sources */ = {
			isa = PBXSourcesBuildPhase;
			buildActionMask = 2147483647;
			files = (
				3DE9F5F525DD746300DFB5A2 /* FeedView.swift in Sources */,
				3D1CD7C925D8BA31008B7FE7 /* FeedModel.swift in Sources */,
				3D12FA5A25CCDF320067701C /* GETPOST.swift in Sources */,
				3D12F91A25C9C4890067701C /* PikabuTests.swift in Sources */,
				3DC8F5E225E0722A00918A57 /* ProfileModel.swift in Sources */,
				3D88CAB025DFC5F00031B582 /* ProfileCollectionView.swift in Sources */,
				3DF6BD3225D2B9D8007BA7E1 /* Icons.swift in Sources */,
				3DC8F56425DFC8A700918A57 /* TopBar.swift in Sources */,
				3DDCE12525D8FE2600699F55 /* FeedViewController.swift in Sources */,
				3D12FA8E25CD0A1A0067701C /* TypeAliases.swift in Sources */,
				3D12665425DE9A97000542DC /* ConstraintWidthHeight.swift in Sources */,
				3D9BA6BC25D3C4D1005E7DE9 /* UIViewMargins.swift in Sources */,
				3D3CA7D625DD7F6200774FE6 /* separatorConfig.swift in Sources */,
				3DF79E5225E7EA47009D64ED /* TopBarDelegates.swift in Sources */,
				3D324C2425DC800E00538FF4 /* navigationBarConfig.swift in Sources */,
				3D89A43125D6D2530022CBE3 /* FeedPostCellModel.swift in Sources */,
				3D4F90ED25D6E22C007EA442 /* HeaderViewModel.swift in Sources */,
				3D2E017325D2901E00B0CF50 /* FooterView.swift in Sources */,
				3DDC263E25E4544B00CEF53C /* StorageManager.swift in Sources */,
				3D9DEB9925E9372E004E5E30 /* SemiternaryOperator.swift in Sources */,
				3D12FB5625CE197B0067701C /* CacheProvider.swift in Sources */,
				3DAC507725E5C0DD00926936 /* ProfileViewController.swift in Sources */,
				3DAC1BB325E0FB9F005C26C1 /* TBCell.swift in Sources */,
				3DD0413425DB3C1000775D19 /* FeedType.swift in Sources */,
				3D88CA8A25DFA8340031B582 /* ScreenCell.swift in Sources */,
				3D12FA3C25CCBBEF0067701C /* URLS.swift in Sources */,
				3DFE1C8325DD313F00788040 /* PostTextView.swift in Sources */,
				3D12FABE25CD93180067701C /* APIStorage.swift in Sources */,
				3D12F98825CA12470067701C /* FeedPost.swift in Sources */,
				3DC8F5F325E0791800918A57 /* nib+UIViewController.swift in Sources */,
				3DDC262525E4031700CEF53C /* Storage.swift in Sources */,
				3D2E015825D28BB700B0CF50 /* HeaderView.swift in Sources */,
				3DC2420C25E1496100395FCF /* Bundle_appName.swift in Sources */,
				3D12F97B25CA0EE50067701C /* PostCell.swift in Sources */,
				3D6050AE25D53FFA005FC80D /* BrokenLabel.swift in Sources */,
				3D12F9B225CA36D20067701C /* WindowRootVC.swift in Sources */,
				3D12FB4C25CE19660067701C /* CacheHandler.swift in Sources */,
				3D4F90E325D6DEFE007EA442 /* FooterViewModel.swift in Sources */,
				3D12FA3125CCB8090067701C /* API.swift in Sources */,
				3DC2422C25E150DC00395FCF /* TBColors.swift in Sources */,
				3DC241E625E1484B00395FCF /* UIView_Id_Nib.swift in Sources */,
				3D00F3D225DC1DD20041FE22 /* StorageModel.swift in Sources */,
				3DE9CF0225DDBFEB00E58D59 /* resize.swift in Sources */,
				3DA6158225DA9161009F2214 /* PostStackView.swift in Sources */,
				3D12FDA725CE747E0067701C /* Handler.swift in Sources */,
				3D70357125DE8B090041E078 /* PostImageView.swift in Sources */,
				3DDCE17725D90A2D00699F55 /* Userinfo.swift in Sources */,
				3D12FA6525CCF3C00067701C /* Dispatcher.swift in Sources */,
			);
			runOnlyForDeploymentPostprocessing = 0;
		};
		3D12F91C25C9C4890067701C /* Sources */ = {
			isa = PBXSourcesBuildPhase;
			buildActionMask = 2147483647;
			files = (
				3DE9F5F625DD746300DFB5A2 /* FeedView.swift in Sources */,
				3D1CD7CA25D8BA31008B7FE7 /* FeedModel.swift in Sources */,
				3D12FA5B25CCDF320067701C /* GETPOST.swift in Sources */,
				3D12F92525C9C4890067701C /* PikabuUITests.swift in Sources */,
				3DC8F5E325E0722A00918A57 /* ProfileModel.swift in Sources */,
				3D88CAB125DFC5F00031B582 /* ProfileCollectionView.swift in Sources */,
				3DF6BD3325D2B9D8007BA7E1 /* Icons.swift in Sources */,
				3DC8F56525DFC8A700918A57 /* TopBar.swift in Sources */,
				3DDCE12625D8FE2600699F55 /* FeedViewController.swift in Sources */,
				3D12FA8F25CD0A1A0067701C /* TypeAliases.swift in Sources */,
				3D12665525DE9A97000542DC /* ConstraintWidthHeight.swift in Sources */,
				3D9BA6BD25D3C4D1005E7DE9 /* UIViewMargins.swift in Sources */,
				3D3CA7D725DD7F6200774FE6 /* separatorConfig.swift in Sources */,
				3DF79E5325E7EA47009D64ED /* TopBarDelegates.swift in Sources */,
				3D324C2825DC800F00538FF4 /* navigationBarConfig.swift in Sources */,
				3D89A43225D6D2530022CBE3 /* FeedPostCellModel.swift in Sources */,
				3D4F90EE25D6E22C007EA442 /* HeaderViewModel.swift in Sources */,
				3D2E017425D2901E00B0CF50 /* FooterView.swift in Sources */,
				3DDC263F25E4544B00CEF53C /* StorageManager.swift in Sources */,
				3D9DEB9A25E9372E004E5E30 /* SemiternaryOperator.swift in Sources */,
				3D12FB5725CE197B0067701C /* CacheProvider.swift in Sources */,
				3DAC507825E5C0DD00926936 /* ProfileViewController.swift in Sources */,
				3DAC1BB425E0FB9F005C26C1 /* TBCell.swift in Sources */,
				3DD0413525DB3C1000775D19 /* FeedType.swift in Sources */,
				3D88CA8B25DFA8340031B582 /* ScreenCell.swift in Sources */,
				3D12FA3D25CCBBEF0067701C /* URLS.swift in Sources */,
				3DFE1C8425DD313F00788040 /* PostTextView.swift in Sources */,
				3D12FABF25CD93180067701C /* APIStorage.swift in Sources */,
				3D12F98925CA12470067701C /* FeedPost.swift in Sources */,
				3DC8F5F425E0791800918A57 /* nib+UIViewController.swift in Sources */,
				3DDC262625E4031700CEF53C /* Storage.swift in Sources */,
				3D2E015925D28BB700B0CF50 /* HeaderView.swift in Sources */,
				3DC2420D25E1496100395FCF /* Bundle_appName.swift in Sources */,
				3D12F97C25CA0EE50067701C /* PostCell.swift in Sources */,
				3D6050AF25D53FFA005FC80D /* BrokenLabel.swift in Sources */,
				3D12F9B325CA36D20067701C /* WindowRootVC.swift in Sources */,
				3D12FB4D25CE19660067701C /* CacheHandler.swift in Sources */,
				3D4F90E425D6DEFE007EA442 /* FooterViewModel.swift in Sources */,
				3D12FA3525CCB8090067701C /* API.swift in Sources */,
				3DC2422D25E150DC00395FCF /* TBColors.swift in Sources */,
				3DC241E725E1484B00395FCF /* UIView_Id_Nib.swift in Sources */,
				3D00F3D325DC1DD20041FE22 /* StorageModel.swift in Sources */,
				3DE9CF0325DDBFEB00E58D59 /* resize.swift in Sources */,
				3DA6158325DA9161009F2214 /* PostStackView.swift in Sources */,
				3D12FDA825CE747E0067701C /* Handler.swift in Sources */,
				3D70357225DE8B090041E078 /* PostImageView.swift in Sources */,
				3DDCE17825D90A2D00699F55 /* Userinfo.swift in Sources */,
				3D12FA6625CCF3C00067701C /* Dispatcher.swift in Sources */,
			);
			runOnlyForDeploymentPostprocessing = 0;
		};
/* End PBXSourcesBuildPhase section */

/* Begin PBXTargetDependency section */
		3D12F91725C9C4890067701C /* PBXTargetDependency */ = {
			isa = PBXTargetDependency;
			target = 3D12F8FE25C9C4870067701C /* Pikabu */;
			targetProxy = 3D12F91625C9C4890067701C /* PBXContainerItemProxy */;
		};
		3D12F92225C9C4890067701C /* PBXTargetDependency */ = {
			isa = PBXTargetDependency;
			target = 3D12F8FE25C9C4870067701C /* Pikabu */;
			targetProxy = 3D12F92125C9C4890067701C /* PBXContainerItemProxy */;
		};
/* End PBXTargetDependency section */

/* Begin PBXVariantGroup section */
		3D12F90D25C9C4890067701C /* LaunchScreen.storyboard */ = {
			isa = PBXVariantGroup;
			children = (
				3D12F90E25C9C4890067701C /* Base */,
			);
			name = LaunchScreen.storyboard;
			sourceTree = "<group>";
		};
/* End PBXVariantGroup section */

/* Begin XCBuildConfiguration section */
		3D12F92725C9C4890067701C /* Debug */ = {
			isa = XCBuildConfiguration;
			buildSettings = {
				ALWAYS_SEARCH_USER_PATHS = NO;
				CLANG_ANALYZER_NONNULL = YES;
				CLANG_ANALYZER_NUMBER_OBJECT_CONVERSION = YES_AGGRESSIVE;
				CLANG_CXX_LANGUAGE_STANDARD = "gnu++14";
				CLANG_CXX_LIBRARY = "libc++";
				CLANG_ENABLE_MODULES = YES;
				CLANG_ENABLE_OBJC_ARC = YES;
				CLANG_ENABLE_OBJC_WEAK = YES;
				CLANG_WARN_BLOCK_CAPTURE_AUTORELEASING = YES;
				CLANG_WARN_BOOL_CONVERSION = YES;
				CLANG_WARN_COMMA = YES;
				CLANG_WARN_CONSTANT_CONVERSION = YES;
				CLANG_WARN_DEPRECATED_OBJC_IMPLEMENTATIONS = YES;
				CLANG_WARN_DIRECT_OBJC_ISA_USAGE = YES_ERROR;
				CLANG_WARN_DOCUMENTATION_COMMENTS = YES;
				CLANG_WARN_EMPTY_BODY = YES;
				CLANG_WARN_ENUM_CONVERSION = YES;
				CLANG_WARN_INFINITE_RECURSION = YES;
				CLANG_WARN_INT_CONVERSION = YES;
				CLANG_WARN_NON_LITERAL_NULL_CONVERSION = YES;
				CLANG_WARN_OBJC_IMPLICIT_RETAIN_SELF = YES;
				CLANG_WARN_OBJC_LITERAL_CONVERSION = YES;
				CLANG_WARN_OBJC_ROOT_CLASS = YES_ERROR;
				CLANG_WARN_QUOTED_INCLUDE_IN_FRAMEWORK_HEADER = YES;
				CLANG_WARN_RANGE_LOOP_ANALYSIS = YES;
				CLANG_WARN_STRICT_PROTOTYPES = YES;
				CLANG_WARN_SUSPICIOUS_MOVE = YES;
				CLANG_WARN_UNGUARDED_AVAILABILITY = YES_AGGRESSIVE;
				CLANG_WARN_UNREACHABLE_CODE = YES;
				CLANG_WARN__DUPLICATE_METHOD_MATCH = YES;
				COPY_PHASE_STRIP = NO;
				DEBUG_INFORMATION_FORMAT = dwarf;
				ENABLE_STRICT_OBJC_MSGSEND = YES;
				ENABLE_TESTABILITY = YES;
				GCC_C_LANGUAGE_STANDARD = gnu11;
				GCC_DYNAMIC_NO_PIC = NO;
				GCC_NO_COMMON_BLOCKS = YES;
				GCC_OPTIMIZATION_LEVEL = 0;
				GCC_PREPROCESSOR_DEFINITIONS = (
					"DEBUG=1",
					"$(inherited)",
				);
				GCC_WARN_64_TO_32_BIT_CONVERSION = YES;
				GCC_WARN_ABOUT_RETURN_TYPE = YES_ERROR;
				GCC_WARN_UNDECLARED_SELECTOR = YES;
				GCC_WARN_UNINITIALIZED_AUTOS = YES_AGGRESSIVE;
				GCC_WARN_UNUSED_FUNCTION = YES;
				GCC_WARN_UNUSED_VARIABLE = YES;
				IPHONEOS_DEPLOYMENT_TARGET = 13.0;
				MTL_ENABLE_DEBUG_INFO = INCLUDE_SOURCE;
				MTL_FAST_MATH = YES;
				ONLY_ACTIVE_ARCH = YES;
				SDKROOT = iphoneos;
				SWIFT_ACTIVE_COMPILATION_CONDITIONS = DEBUG;
				SWIFT_OPTIMIZATION_LEVEL = "-Onone";
			};
			name = Debug;
		};
		3D12F92825C9C4890067701C /* Release */ = {
			isa = XCBuildConfiguration;
			buildSettings = {
				ALWAYS_SEARCH_USER_PATHS = NO;
				CLANG_ANALYZER_NONNULL = YES;
				CLANG_ANALYZER_NUMBER_OBJECT_CONVERSION = YES_AGGRESSIVE;
				CLANG_CXX_LANGUAGE_STANDARD = "gnu++14";
				CLANG_CXX_LIBRARY = "libc++";
				CLANG_ENABLE_MODULES = YES;
				CLANG_ENABLE_OBJC_ARC = YES;
				CLANG_ENABLE_OBJC_WEAK = YES;
				CLANG_WARN_BLOCK_CAPTURE_AUTORELEASING = YES;
				CLANG_WARN_BOOL_CONVERSION = YES;
				CLANG_WARN_COMMA = YES;
				CLANG_WARN_CONSTANT_CONVERSION = YES;
				CLANG_WARN_DEPRECATED_OBJC_IMPLEMENTATIONS = YES;
				CLANG_WARN_DIRECT_OBJC_ISA_USAGE = YES_ERROR;
				CLANG_WARN_DOCUMENTATION_COMMENTS = YES;
				CLANG_WARN_EMPTY_BODY = YES;
				CLANG_WARN_ENUM_CONVERSION = YES;
				CLANG_WARN_INFINITE_RECURSION = YES;
				CLANG_WARN_INT_CONVERSION = YES;
				CLANG_WARN_NON_LITERAL_NULL_CONVERSION = YES;
				CLANG_WARN_OBJC_IMPLICIT_RETAIN_SELF = YES;
				CLANG_WARN_OBJC_LITERAL_CONVERSION = YES;
				CLANG_WARN_OBJC_ROOT_CLASS = YES_ERROR;
				CLANG_WARN_QUOTED_INCLUDE_IN_FRAMEWORK_HEADER = YES;
				CLANG_WARN_RANGE_LOOP_ANALYSIS = YES;
				CLANG_WARN_STRICT_PROTOTYPES = YES;
				CLANG_WARN_SUSPICIOUS_MOVE = YES;
				CLANG_WARN_UNGUARDED_AVAILABILITY = YES_AGGRESSIVE;
				CLANG_WARN_UNREACHABLE_CODE = YES;
				CLANG_WARN__DUPLICATE_METHOD_MATCH = YES;
				COPY_PHASE_STRIP = NO;
				DEBUG_INFORMATION_FORMAT = "dwarf-with-dsym";
				ENABLE_NS_ASSERTIONS = NO;
				ENABLE_STRICT_OBJC_MSGSEND = YES;
				GCC_C_LANGUAGE_STANDARD = gnu11;
				GCC_NO_COMMON_BLOCKS = YES;
				GCC_WARN_64_TO_32_BIT_CONVERSION = YES;
				GCC_WARN_ABOUT_RETURN_TYPE = YES_ERROR;
				GCC_WARN_UNDECLARED_SELECTOR = YES;
				GCC_WARN_UNINITIALIZED_AUTOS = YES_AGGRESSIVE;
				GCC_WARN_UNUSED_FUNCTION = YES;
				GCC_WARN_UNUSED_VARIABLE = YES;
				IPHONEOS_DEPLOYMENT_TARGET = 13.0;
				MTL_ENABLE_DEBUG_INFO = NO;
				MTL_FAST_MATH = YES;
				SDKROOT = iphoneos;
				SWIFT_COMPILATION_MODE = wholemodule;
				SWIFT_OPTIMIZATION_LEVEL = "-O";
				VALIDATE_PRODUCT = YES;
			};
			name = Release;
		};
		3D12F92A25C9C4890067701C /* Debug */ = {
			isa = XCBuildConfiguration;
			buildSettings = {
				ASSETCATALOG_COMPILER_APPICON_NAME = AppIcon;
				ASSETCATALOG_COMPILER_GLOBAL_ACCENT_COLOR_NAME = AccentColor;
				CODE_SIGN_STYLE = Automatic;
				CURRENT_PROJECT_VERSION = 6;
				DEVELOPMENT_TEAM = KXDT64LHVB;
				INFOPLIST_FILE = Pikabu/Info.plist;
				IPHONEOS_DEPLOYMENT_TARGET = 13.0;
				LD_RUNPATH_SEARCH_PATHS = (
					"$(inherited)",
					"@executable_path/Frameworks",
				);
				PRODUCT_BUNDLE_IDENTIFIER = "Sergey-Fedotov.Pikabu";
				PRODUCT_NAME = "$(TARGET_NAME)";
				SWIFT_VERSION = 5.0;
				TARGETED_DEVICE_FAMILY = 1;
			};
			name = Debug;
		};
		3D12F92B25C9C4890067701C /* Release */ = {
			isa = XCBuildConfiguration;
			buildSettings = {
				ASSETCATALOG_COMPILER_APPICON_NAME = AppIcon;
				ASSETCATALOG_COMPILER_GLOBAL_ACCENT_COLOR_NAME = AccentColor;
				CODE_SIGN_STYLE = Automatic;
				CURRENT_PROJECT_VERSION = 6;
				DEVELOPMENT_TEAM = KXDT64LHVB;
				INFOPLIST_FILE = Pikabu/Info.plist;
				IPHONEOS_DEPLOYMENT_TARGET = 13.0;
				LD_RUNPATH_SEARCH_PATHS = (
					"$(inherited)",
					"@executable_path/Frameworks",
				);
				PRODUCT_BUNDLE_IDENTIFIER = "Sergey-Fedotov.Pikabu";
				PRODUCT_NAME = "$(TARGET_NAME)";
				SWIFT_VERSION = 5.0;
				TARGETED_DEVICE_FAMILY = 1;
			};
			name = Release;
		};
		3D12F92D25C9C4890067701C /* Debug */ = {
			isa = XCBuildConfiguration;
			buildSettings = {
				ALWAYS_EMBED_SWIFT_STANDARD_LIBRARIES = YES;
				BUNDLE_LOADER = "$(TEST_HOST)";
				CODE_SIGN_STYLE = Automatic;
				DEVELOPMENT_TEAM = KXDT64LHVB;
				INFOPLIST_FILE = PikabuTests/Info.plist;
				IPHONEOS_DEPLOYMENT_TARGET = 14.4;
				LD_RUNPATH_SEARCH_PATHS = (
					"$(inherited)",
					"@executable_path/Frameworks",
					"@loader_path/Frameworks",
				);
				PRODUCT_BUNDLE_IDENTIFIER = "Sergey-Fedotov.PikabuTests";
				PRODUCT_NAME = "$(TARGET_NAME)";
				SWIFT_VERSION = 5.0;
				TARGETED_DEVICE_FAMILY = "1,2";
				TEST_HOST = "$(BUILT_PRODUCTS_DIR)/Pikabu.app/Pikabu";
			};
			name = Debug;
		};
		3D12F92E25C9C4890067701C /* Release */ = {
			isa = XCBuildConfiguration;
			buildSettings = {
				ALWAYS_EMBED_SWIFT_STANDARD_LIBRARIES = YES;
				BUNDLE_LOADER = "$(TEST_HOST)";
				CODE_SIGN_STYLE = Automatic;
				DEVELOPMENT_TEAM = KXDT64LHVB;
				INFOPLIST_FILE = PikabuTests/Info.plist;
				IPHONEOS_DEPLOYMENT_TARGET = 14.4;
				LD_RUNPATH_SEARCH_PATHS = (
					"$(inherited)",
					"@executable_path/Frameworks",
					"@loader_path/Frameworks",
				);
				PRODUCT_BUNDLE_IDENTIFIER = "Sergey-Fedotov.PikabuTests";
				PRODUCT_NAME = "$(TARGET_NAME)";
				SWIFT_VERSION = 5.0;
				TARGETED_DEVICE_FAMILY = "1,2";
				TEST_HOST = "$(BUILT_PRODUCTS_DIR)/Pikabu.app/Pikabu";
			};
			name = Release;
		};
		3D12F93025C9C4890067701C /* Debug */ = {
			isa = XCBuildConfiguration;
			buildSettings = {
				ALWAYS_EMBED_SWIFT_STANDARD_LIBRARIES = YES;
				CODE_SIGN_STYLE = Automatic;
				DEVELOPMENT_TEAM = KXDT64LHVB;
				INFOPLIST_FILE = PikabuUITests/Info.plist;
				LD_RUNPATH_SEARCH_PATHS = (
					"$(inherited)",
					"@executable_path/Frameworks",
					"@loader_path/Frameworks",
				);
				PRODUCT_BUNDLE_IDENTIFIER = "Sergey-Fedotov.PikabuUITests";
				PRODUCT_NAME = "$(TARGET_NAME)";
				SWIFT_VERSION = 5.0;
				TARGETED_DEVICE_FAMILY = "1,2";
				TEST_TARGET_NAME = Pikabu;
			};
			name = Debug;
		};
		3D12F93125C9C4890067701C /* Release */ = {
			isa = XCBuildConfiguration;
			buildSettings = {
				ALWAYS_EMBED_SWIFT_STANDARD_LIBRARIES = YES;
				CODE_SIGN_STYLE = Automatic;
				DEVELOPMENT_TEAM = KXDT64LHVB;
				INFOPLIST_FILE = PikabuUITests/Info.plist;
				LD_RUNPATH_SEARCH_PATHS = (
					"$(inherited)",
					"@executable_path/Frameworks",
					"@loader_path/Frameworks",
				);
				PRODUCT_BUNDLE_IDENTIFIER = "Sergey-Fedotov.PikabuUITests";
				PRODUCT_NAME = "$(TARGET_NAME)";
				SWIFT_VERSION = 5.0;
				TARGETED_DEVICE_FAMILY = "1,2";
				TEST_TARGET_NAME = Pikabu;
			};
			name = Release;
		};
/* End XCBuildConfiguration section */

/* Begin XCConfigurationList section */
		3D12F8FA25C9C4870067701C /* Build configuration list for PBXProject "Pikabu" */ = {
			isa = XCConfigurationList;
			buildConfigurations = (
				3D12F92725C9C4890067701C /* Debug */,
				3D12F92825C9C4890067701C /* Release */,
			);
			defaultConfigurationIsVisible = 0;
			defaultConfigurationName = Release;
		};
		3D12F92925C9C4890067701C /* Build configuration list for PBXNativeTarget "Pikabu" */ = {
			isa = XCConfigurationList;
			buildConfigurations = (
				3D12F92A25C9C4890067701C /* Debug */,
				3D12F92B25C9C4890067701C /* Release */,
			);
			defaultConfigurationIsVisible = 0;
			defaultConfigurationName = Release;
		};
		3D12F92C25C9C4890067701C /* Build configuration list for PBXNativeTarget "PikabuTests" */ = {
			isa = XCConfigurationList;
			buildConfigurations = (
				3D12F92D25C9C4890067701C /* Debug */,
				3D12F92E25C9C4890067701C /* Release */,
			);
			defaultConfigurationIsVisible = 0;
			defaultConfigurationName = Release;
		};
		3D12F92F25C9C4890067701C /* Build configuration list for PBXNativeTarget "PikabuUITests" */ = {
			isa = XCConfigurationList;
			buildConfigurations = (
				3D12F93025C9C4890067701C /* Debug */,
				3D12F93125C9C4890067701C /* Release */,
			);
			defaultConfigurationIsVisible = 0;
			defaultConfigurationName = Release;
		};
/* End XCConfigurationList section */
	};
	rootObject = 3D12F8F725C9C4870067701C /* Project object */;
}
